// !$*UTF8*$!
{
	archiveVersion = 1;
	classes = {
	};
	objectVersion = 50;
	objects = {

/* Begin PBXBuildFile section */
		776DF85D24F129EE0065B5EF /* HistoryTVCell.swift in Sources */ = {isa = PBXBuildFile; fileRef = 776DF85C24F129EE0065B5EF /* HistoryTVCell.swift */; };
		7779FC5724EE78EE00728D87 /* AppDelegate.swift in Sources */ = {isa = PBXBuildFile; fileRef = 7779FC5624EE78EE00728D87 /* AppDelegate.swift */; };
		7779FC5924EE78EE00728D87 /* SceneDelegate.swift in Sources */ = {isa = PBXBuildFile; fileRef = 7779FC5824EE78EE00728D87 /* SceneDelegate.swift */; };
		7779FC5E24EE78EE00728D87 /* Main.storyboard in Resources */ = {isa = PBXBuildFile; fileRef = 7779FC5C24EE78EE00728D87 /* Main.storyboard */; };
		7779FC6024EE78F900728D87 /* Assets.xcassets in Resources */ = {isa = PBXBuildFile; fileRef = 7779FC5F24EE78F900728D87 /* Assets.xcassets */; };
		7779FC6324EE78F900728D87 /* LaunchScreen.storyboard in Resources */ = {isa = PBXBuildFile; fileRef = 7779FC6124EE78F900728D87 /* LaunchScreen.storyboard */; };
		7779FC6B24EE886400728D87 /* LoginVC.swift in Sources */ = {isa = PBXBuildFile; fileRef = 7779FC6A24EE886400728D87 /* LoginVC.swift */; };
		7779FC6D24EE887500728D87 /* CalculatorVC.swift in Sources */ = {isa = PBXBuildFile; fileRef = 7779FC6C24EE887500728D87 /* CalculatorVC.swift */; };
		7779FC6F24EE8A3000728D87 /* ExtensionClass.swift in Sources */ = {isa = PBXBuildFile; fileRef = 7779FC6E24EE8A2F00728D87 /* ExtensionClass.swift */; };
		7779FC7124EE9CB800728D87 /* CalculatorOperation.swift in Sources */ = {isa = PBXBuildFile; fileRef = 7779FC7024EE9CB800728D87 /* CalculatorOperation.swift */; };
		DCAD61DFC776D078CBB032FF /* Pods_flytbaseDemo.framework in Frameworks */ = {isa = PBXBuildFile; fileRef = C6099FA85E63E8EBB536F3EB /* Pods_flytbaseDemo.framework */; };
/* End PBXBuildFile section */

/* Begin PBXFileReference section */
		294C25FBC0318FACE517F0AF /* Pods-flytbaseDemo.debug.xcconfig */ = {isa = PBXFileReference; includeInIndex = 1; lastKnownFileType = text.xcconfig; name = "Pods-flytbaseDemo.debug.xcconfig"; path = "Target Support Files/Pods-flytbaseDemo/Pods-flytbaseDemo.debug.xcconfig"; sourceTree = "<group>"; };
		6253299BF367F1FBECAC425E /* Pods-flytbaseDemo.release.xcconfig */ = {isa = PBXFileReference; includeInIndex = 1; lastKnownFileType = text.xcconfig; name = "Pods-flytbaseDemo.release.xcconfig"; path = "Target Support Files/Pods-flytbaseDemo/Pods-flytbaseDemo.release.xcconfig"; sourceTree = "<group>"; };
		776DF85C24F129EE0065B5EF /* HistoryTVCell.swift */ = {isa = PBXFileReference; lastKnownFileType = sourcecode.swift; path = HistoryTVCell.swift; sourceTree = "<group>"; };
		7779FC5324EE78EE00728D87 /* flytbaseDemo.app */ = {isa = PBXFileReference; explicitFileType = wrapper.application; includeInIndex = 0; path = flytbaseDemo.app; sourceTree = BUILT_PRODUCTS_DIR; };
		7779FC5624EE78EE00728D87 /* AppDelegate.swift */ = {isa = PBXFileReference; lastKnownFileType = sourcecode.swift; path = AppDelegate.swift; sourceTree = "<group>"; };
		7779FC5824EE78EE00728D87 /* SceneDelegate.swift */ = {isa = PBXFileReference; lastKnownFileType = sourcecode.swift; path = SceneDelegate.swift; sourceTree = "<group>"; };
		7779FC5D24EE78EE00728D87 /* Base */ = {isa = PBXFileReference; lastKnownFileType = file.storyboard; name = Base; path = Base.lproj/Main.storyboard; sourceTree = "<group>"; };
		7779FC5F24EE78F900728D87 /* Assets.xcassets */ = {isa = PBXFileReference; lastKnownFileType = folder.assetcatalog; path = Assets.xcassets; sourceTree = "<group>"; };
		7779FC6224EE78F900728D87 /* Base */ = {isa = PBXFileReference; lastKnownFileType = file.storyboard; name = Base; path = Base.lproj/LaunchScreen.storyboard; sourceTree = "<group>"; };
		7779FC6424EE78F900728D87 /* Info.plist */ = {isa = PBXFileReference; lastKnownFileType = text.plist.xml; path = Info.plist; sourceTree = "<group>"; };
		7779FC6A24EE886400728D87 /* LoginVC.swift */ = {isa = PBXFileReference; lastKnownFileType = sourcecode.swift; path = LoginVC.swift; sourceTree = "<group>"; };
		7779FC6C24EE887500728D87 /* CalculatorVC.swift */ = {isa = PBXFileReference; lastKnownFileType = sourcecode.swift; path = CalculatorVC.swift; sourceTree = "<group>"; };
		7779FC6E24EE8A2F00728D87 /* ExtensionClass.swift */ = {isa = PBXFileReference; lastKnownFileType = sourcecode.swift; path = ExtensionClass.swift; sourceTree = "<group>"; };
		7779FC7024EE9CB800728D87 /* CalculatorOperation.swift */ = {isa = PBXFileReference; lastKnownFileType = sourcecode.swift; path = CalculatorOperation.swift; sourceTree = "<group>"; };
		C6099FA85E63E8EBB536F3EB /* Pods_flytbaseDemo.framework */ = {isa = PBXFileReference; explicitFileType = wrapper.framework; includeInIndex = 0; path = Pods_flytbaseDemo.framework; sourceTree = BUILT_PRODUCTS_DIR; };
/* End PBXFileReference section */

/* Begin PBXFrameworksBuildPhase section */
		7779FC5024EE78EE00728D87 /* Frameworks */ = {
			isa = PBXFrameworksBuildPhase;
			buildActionMask = 2147483647;
			files = (
				DCAD61DFC776D078CBB032FF /* Pods_flytbaseDemo.framework in Frameworks */,
			);
			runOnlyForDeploymentPostprocessing = 0;
		};
/* End PBXFrameworksBuildPhase section */

/* Begin PBXGroup section */
		7779FC4A24EE78EE00728D87 = {
			isa = PBXGroup;
			children = (
				7779FC5524EE78EE00728D87 /* flytbaseDemo */,
				7779FC5424EE78EE00728D87 /* Products */,
				7EEB3749961BED4F32437172 /* Pods */,
				BA75F0D382A29941F07AD5CF /* Frameworks */,
			);
			sourceTree = "<group>";
		};
		7779FC5424EE78EE00728D87 /* Products */ = {
			isa = PBXGroup;
			children = (
				7779FC5324EE78EE00728D87 /* flytbaseDemo.app */,
			);
			name = Products;
			sourceTree = "<group>";
		};
		7779FC5524EE78EE00728D87 /* flytbaseDemo */ = {
			isa = PBXGroup;
			children = (
				7779FC5624EE78EE00728D87 /* AppDelegate.swift */,
				7779FC5824EE78EE00728D87 /* SceneDelegate.swift */,
				7779FC6A24EE886400728D87 /* LoginVC.swift */,
				7779FC6C24EE887500728D87 /* CalculatorVC.swift */,
				776DF85C24F129EE0065B5EF /* HistoryTVCell.swift */,
				7779FC7024EE9CB800728D87 /* CalculatorOperation.swift */,
				7779FC6E24EE8A2F00728D87 /* ExtensionClass.swift */,
				7779FC5C24EE78EE00728D87 /* Main.storyboard */,
				7779FC5F24EE78F900728D87 /* Assets.xcassets */,
				7779FC6124EE78F900728D87 /* LaunchScreen.storyboard */,
				7779FC6424EE78F900728D87 /* Info.plist */,
			);
			path = flytbaseDemo;
			sourceTree = "<group>";
		};
		7EEB3749961BED4F32437172 /* Pods */ = {
			isa = PBXGroup;
			children = (
				294C25FBC0318FACE517F0AF /* Pods-flytbaseDemo.debug.xcconfig */,
				6253299BF367F1FBECAC425E /* Pods-flytbaseDemo.release.xcconfig */,
			);
			name = Pods;
			path = Pods;
			sourceTree = "<group>";
		};
		BA75F0D382A29941F07AD5CF /* Frameworks */ = {
			isa = PBXGroup;
			children = (
				C6099FA85E63E8EBB536F3EB /* Pods_flytbaseDemo.framework */,
			);
			name = Frameworks;
			sourceTree = "<group>";
		};
/* End PBXGroup section */

/* Begin PBXNativeTarget section */
		7779FC5224EE78EE00728D87 /* flytbaseDemo */ = {
			isa = PBXNativeTarget;
			buildConfigurationList = 7779FC6724EE78F900728D87 /* Build configuration list for PBXNativeTarget "flytbaseDemo" */;
			buildPhases = (
				FB9348EB0E06346747811279 /* [CP] Check Pods Manifest.lock */,
				7779FC4F24EE78EE00728D87 /* Sources */,
				7779FC5024EE78EE00728D87 /* Frameworks */,
				7779FC5124EE78EE00728D87 /* Resources */,
				3C1FE3F775A4D183B37403A1 /* [CP] Embed Pods Frameworks */,
			);
			buildRules = (
			);
			dependencies = (
			);
			name = flytbaseDemo;
			productName = flytbaseDemo;
			productReference = 7779FC5324EE78EE00728D87 /* flytbaseDemo.app */;
			productType = "com.apple.product-type.application";
		};
/* End PBXNativeTarget section */

/* Begin PBXProject section */
		7779FC4B24EE78EE00728D87 /* Project object */ = {
			isa = PBXProject;
			attributes = {
				LastSwiftUpdateCheck = 1130;
				LastUpgradeCheck = 1130;
				ORGANIZATIONNAME = VB;
				TargetAttributes = {
					7779FC5224EE78EE00728D87 = {
						CreatedOnToolsVersion = 11.3.1;
					};
				};
			};
			buildConfigurationList = 7779FC4E24EE78EE00728D87 /* Build configuration list for PBXProject "flytbaseDemo" */;
			compatibilityVersion = "Xcode 9.3";
			developmentRegion = en;
			hasScannedForEncodings = 0;
			knownRegions = (
				en,
				Base,
			);
			mainGroup = 7779FC4A24EE78EE00728D87;
			productRefGroup = 7779FC5424EE78EE00728D87 /* Products */;
			projectDirPath = "";
			projectRoot = "";
			targets = (
				7779FC5224EE78EE00728D87 /* flytbaseDemo */,
			);
		};
/* End PBXProject section */

/* Begin PBXResourcesBuildPhase section */
		7779FC5124EE78EE00728D87 /* Resources */ = {
			isa = PBXResourcesBuildPhase;
			buildActionMask = 2147483647;
			files = (
				7779FC6324EE78F900728D87 /* LaunchScreen.storyboard in Resources */,
				7779FC6024EE78F900728D87 /* Assets.xcassets in Resources */,
				7779FC5E24EE78EE00728D87 /* Main.storyboard in Resources */,
			);
			runOnlyForDeploymentPostprocessing = 0;
		};
/* End PBXResourcesBuildPhase section */

/* Begin PBXShellScriptBuildPhase section */
		3C1FE3F775A4D183B37403A1 /* [CP] Embed Pods Frameworks */ = {
			isa = PBXShellScriptBuildPhase;
			buildActionMask = 2147483647;
			files = (
			);
			inputFileListPaths = (
				"${PODS_ROOT}/Target Support Files/Pods-flytbaseDemo/Pods-flytbaseDemo-frameworks-${CONFIGURATION}-input-files.xcfilelist",
			);
			name = "[CP] Embed Pods Frameworks";
			outputFileListPaths = (
				"${PODS_ROOT}/Target Support Files/Pods-flytbaseDemo/Pods-flytbaseDemo-frameworks-${CONFIGURATION}-output-files.xcfilelist",
			);
			runOnlyForDeploymentPostprocessing = 0;
			shellPath = /bin/sh;
			shellScript = "\"${PODS_ROOT}/Target Support Files/Pods-flytbaseDemo/Pods-flytbaseDemo-frameworks.sh\"\n";
			showEnvVarsInLog = 0;
		};
		FB9348EB0E06346747811279 /* [CP] Check Pods Manifest.lock */ = {
			isa = PBXShellScriptBuildPhase;
			buildActionMask = 2147483647;
			files = (
			);
			inputFileListPaths = (
			);
			inputPaths = (
				"${PODS_PODFILE_DIR_PATH}/Podfile.lock",
				"${PODS_ROOT}/Manifest.lock",
			);
			name = "[CP] Check Pods Manifest.lock";
			outputFileListPaths = (
			);
			outputPaths = (
				"$(DERIVED_FILE_DIR)/Pods-flytbaseDemo-checkManifestLockResult.txt",
			);
			runOnlyForDeploymentPostprocessing = 0;
			shellPath = /bin/sh;
			shellScript = "diff \"${PODS_PODFILE_DIR_PATH}/Podfile.lock\" \"${PODS_ROOT}/Manifest.lock\" > /dev/null\nif [ $? != 0 ] ; then\n    # print error to STDERR\n    echo \"error: The sandbox is not in sync with the Podfile.lock. Run 'pod install' or update your CocoaPods installation.\" >&2\n    exit 1\nfi\n# This output is used by Xcode 'outputs' to avoid re-running this script phase.\necho \"SUCCESS\" > \"${SCRIPT_OUTPUT_FILE_0}\"\n";
			showEnvVarsInLog = 0;
		};
/* End PBXShellScriptBuildPhase section */

/* Begin PBXSourcesBuildPhase section */
		7779FC4F24EE78EE00728D87 /* Sources */ = {
			isa = PBXSourcesBuildPhase;
			buildActionMask = 2147483647;
			files = (
				7779FC6F24EE8A3000728D87 /* ExtensionClass.swift in Sources */,
				7779FC7124EE9CB800728D87 /* CalculatorOperation.swift in Sources */,
				7779FC6D24EE887500728D87 /* CalculatorVC.swift in Sources */,
				7779FC5724EE78EE00728D87 /* AppDelegate.swift in Sources */,
				7779FC6B24EE886400728D87 /* LoginVC.swift in Sources */,
				776DF85D24F129EE0065B5EF /* HistoryTVCell.swift in Sources */,
				7779FC5924EE78EE00728D87 /* SceneDelegate.swift in Sources */,
			);
			runOnlyForDeploymentPostprocessing = 0;
		};
/* End PBXSourcesBuildPhase section */

/* Begin PBXVariantGroup section */
		7779FC5C24EE78EE00728D87 /* Main.storyboard */ = {
			isa = PBXVariantGroup;
			children = (
				7779FC5D24EE78EE00728D87 /* Base */,
			);
			name = Main.storyboard;
			sourceTree = "<group>";
		};
		7779FC6124EE78F900728D87 /* LaunchScreen.storyboard */ = {
			isa = PBXVariantGroup;
			children = (
				7779FC6224EE78F900728D87 /* Base */,
			);
			name = LaunchScreen.storyboard;
			sourceTree = "<group>";
		};
/* End PBXVariantGroup section */

/* Begin XCBuildConfiguration section */
		7779FC6524EE78F900728D87 /* Debug */ = {
			isa = XCBuildConfiguration;
			buildSettings = {
				ALWAYS_SEARCH_USER_PATHS = NO;
				CLANG_ANALYZER_NONNULL = YES;
				CLANG_ANALYZER_NUMBER_OBJECT_CONVERSION = YES_AGGRESSIVE;
				CLANG_CXX_LANGUAGE_STANDARD = "gnu++14";
				CLANG_CXX_LIBRARY = "libc++";
				CLANG_ENABLE_MODULES = YES;
				CLANG_ENABLE_OBJC_ARC = YES;
				CLANG_ENABLE_OBJC_WEAK = YES;
				CLANG_WARN_BLOCK_CAPTURE_AUTORELEASING = YES;
				CLANG_WARN_BOOL_CONVERSION = YES;
				CLANG_WARN_COMMA = YES;
				CLANG_WARN_CONSTANT_CONVERSION = YES;
				CLANG_WARN_DEPRECATED_OBJC_IMPLEMENTATIONS = YES;
				CLANG_WARN_DIRECT_OBJC_ISA_USAGE = YES_ERROR;
				CLANG_WARN_DOCUMENTATION_COMMENTS = YES;
				CLANG_WARN_EMPTY_BODY = YES;
				CLANG_WARN_ENUM_CONVERSION = YES;
				CLANG_WARN_INFINITE_RECURSION = YES;
				CLANG_WARN_INT_CONVERSION = YES;
				CLANG_WARN_NON_LITERAL_NULL_CONVERSION = YES;
				CLANG_WARN_OBJC_IMPLICIT_RETAIN_SELF = YES;
				CLANG_WARN_OBJC_LITERAL_CONVERSION = YES;
				CLANG_WARN_OBJC_ROOT_CLASS = YES_ERROR;
				CLANG_WARN_RANGE_LOOP_ANALYSIS = YES;
				CLANG_WARN_STRICT_PROTOTYPES = YES;
				CLANG_WARN_SUSPICIOUS_MOVE = YES;
				CLANG_WARN_UNGUARDED_AVAILABILITY = YES_AGGRESSIVE;
				CLANG_WARN_UNREACHABLE_CODE = YES;
				CLANG_WARN__DUPLICATE_METHOD_MATCH = YES;
				COPY_PHASE_STRIP = NO;
				DEBUG_INFORMATION_FORMAT = dwarf;
				ENABLE_STRICT_OBJC_MSGSEND = YES;
				ENABLE_TESTABILITY = YES;
				GCC_C_LANGUAGE_STANDARD = gnu11;
				GCC_DYNAMIC_NO_PIC = NO;
				GCC_NO_COMMON_BLOCKS = YES;
				GCC_OPTIMIZATION_LEVEL = 0;
				GCC_PREPROCESSOR_DEFINITIONS = (
					"DEBUG=1",
					"$(inherited)",
				);
				GCC_WARN_64_TO_32_BIT_CONVERSION = YES;
				GCC_WARN_ABOUT_RETURN_TYPE = YES_ERROR;
				GCC_WARN_UNDECLARED_SELECTOR = YES;
				GCC_WARN_UNINITIALIZED_AUTOS = YES_AGGRESSIVE;
				GCC_WARN_UNUSED_FUNCTION = YES;
				GCC_WARN_UNUSED_VARIABLE = YES;
				IPHONEOS_DEPLOYMENT_TARGET = 13.2;
				MTL_ENABLE_DEBUG_INFO = INCLUDE_SOURCE;
				MTL_FAST_MATH = YES;
				ONLY_ACTIVE_ARCH = YES;
				SDKROOT = iphoneos;
				SWIFT_ACTIVE_COMPILATION_CONDITIONS = DEBUG;
				SWIFT_OPTIMIZATION_LEVEL = "-Onone";
			};
			name = Debug;
		};
		7779FC6624EE78F900728D87 /* Release */ = {
			isa = XCBuildConfiguration;
			buildSettings = {
				ALWAYS_SEARCH_USER_PATHS = NO;
				CLANG_ANALYZER_NONNULL = YES;
				CLANG_ANALYZER_NUMBER_OBJECT_CONVERSION = YES_AGGRESSIVE;
				CLANG_CXX_LANGUAGE_STANDARD = "gnu++14";
				CLANG_CXX_LIBRARY = "libc++";
				CLANG_ENABLE_MODULES = YES;
				CLANG_ENABLE_OBJC_ARC = YES;
				CLANG_ENABLE_OBJC_WEAK = YES;
				CLANG_WARN_BLOCK_CAPTURE_AUTORELEASING = YES;
				CLANG_WARN_BOOL_CONVERSION = YES;
				CLANG_WARN_COMMA = YES;
				CLANG_WARN_CONSTANT_CONVERSION = YES;
				CLANG_WARN_DEPRECATED_OBJC_IMPLEMENTATIONS = YES;
				CLANG_WARN_DIRECT_OBJC_ISA_USAGE = YES_ERROR;
				CLANG_WARN_DOCUMENTATION_COMMENTS = YES;
				CLANG_WARN_EMPTY_BODY = YES;
				CLANG_WARN_ENUM_CONVERSION = YES;
				CLANG_WARN_INFINITE_RECURSION = YES;
				CLANG_WARN_INT_CONVERSION = YES;
				CLANG_WARN_NON_LITERAL_NULL_CONVERSION = YES;
				CLANG_WARN_OBJC_IMPLICIT_RETAIN_SELF = YES;
				CLANG_WARN_OBJC_LITERAL_CONVERSION = YES;
				CLANG_WARN_OBJC_ROOT_CLASS = YES_ERROR;
				CLANG_WARN_RANGE_LOOP_ANALYSIS = YES;
				CLANG_WARN_STRICT_PROTOTYPES = YES;
				CLANG_WARN_SUSPICIOUS_MOVE = YES;
				CLANG_WARN_UNGUARDED_AVAILABILITY = YES_AGGRESSIVE;
				CLANG_WARN_UNREACHABLE_CODE = YES;
				CLANG_WARN__DUPLICATE_METHOD_MATCH = YES;
				COPY_PHASE_STRIP = NO;
				DEBUG_INFORMATION_FORMAT = "dwarf-with-dsym";
				ENABLE_NS_ASSERTIONS = NO;
				ENABLE_STRICT_OBJC_MSGSEND = YES;
				GCC_C_LANGUAGE_STANDARD = gnu11;
				GCC_NO_COMMON_BLOCKS = YES;
				GCC_WARN_64_TO_32_BIT_CONVERSION = YES;
				GCC_WARN_ABOUT_RETURN_TYPE = YES_ERROR;
				GCC_WARN_UNDECLARED_SELECTOR = YES;
				GCC_WARN_UNINITIALIZED_AUTOS = YES_AGGRESSIVE;
				GCC_WARN_UNUSED_FUNCTION = YES;
				GCC_WARN_UNUSED_VARIABLE = YES;
				IPHONEOS_DEPLOYMENT_TARGET = 13.2;
				MTL_ENABLE_DEBUG_INFO = NO;
				MTL_FAST_MATH = YES;
				SDKROOT = iphoneos;
				SWIFT_COMPILATION_MODE = wholemodule;
				SWIFT_OPTIMIZATION_LEVEL = "-O";
				VALIDATE_PRODUCT = YES;
			};
			name = Release;
		};
		7779FC6824EE78F900728D87 /* Debug */ = {
			isa = XCBuildConfiguration;
			baseConfigurationReference = 294C25FBC0318FACE517F0AF /* Pods-flytbaseDemo.debug.xcconfig */;
			buildSettings = {
				ASSETCATALOG_COMPILER_APPICON_NAME = AppIcon;
				CODE_SIGN_STYLE = Automatic;
				INFOPLIST_FILE = flytbaseDemo/Info.plist;
				LD_RUNPATH_SEARCH_PATHS = (
					"$(inherited)",
					"@executable_path/Frameworks",
				);
				PRODUCT_BUNDLE_IDENTIFIER = com.flytbaseDemo;
				PRODUCT_NAME = "$(TARGET_NAME)";
				SWIFT_VERSION = 5.0;
				TARGETED_DEVICE_FAMILY = "1,2";
			};
			name = Debug;
		};
		7779FC6924EE78F900728D87 /* Release */ = {
			isa = XCBuildConfiguration;
			baseConfigurationReference = 6253299BF367F1FBECAC425E /* Pods-flytbaseDemo.release.xcconfig */;
			buildSettings = {
				ASSETCATALOG_COMPILER_APPICON_NAME = AppIcon;
				CODE_SIGN_STYLE = Automatic;
				INFOPLIST_FILE = flytbaseDemo/Info.plist;
				LD_RUNPATH_SEARCH_PATHS = (
					"$(inherited)",
					"@executable_path/Frameworks",
				);
				PRODUCT_BUNDLE_IDENTIFIER = com.flytbaseDemo;
				PRODUCT_NAME = "$(TARGET_NAME)";
				SWIFT_VERSION = 5.0;
				TARGETED_DEVICE_FAMILY = "1,2";
			};
			name = Release;
		};
/* End XCBuildConfiguration section */

/* Begin XCConfigurationList section */
		7779FC4E24EE78EE00728D87 /* Build configuration list for PBXProject "flytbaseDemo" */ = {
			isa = XCConfigurationList;
			buildConfigurations = (
				7779FC6524EE78F900728D87 /* Debug */,
				7779FC6624EE78F900728D87 /* Release */,
			);
			defaultConfigurationIsVisible = 0;
			defaultConfigurationName = Release;
		};
		7779FC6724EE78F900728D87 /* Build configuration list for PBXNativeTarget "flytbaseDemo" */ = {
			isa = XCConfigurationList;
			buildConfigurations = (
				7779FC6824EE78F900728D87 /* Debug */,
				7779FC6924EE78F900728D87 /* Release */,
			);
			defaultConfigurationIsVisible = 0;
			defaultConfigurationName = Release;
		};
/* End XCConfigurationList section */
	};
	rootObject = 7779FC4B24EE78EE00728D87 /* Project object */;
}
